
Microsoft Visual Studio Solution File, Format Version 12.00
# Visual Studio 15
VisualStudioVersion = 15.0.28010.2041
MinimumVisualStudioVersion = 10.0.40219.1
Project("{9A19103F-16F7-4668-BE54-9A1E7A4F7556}") = "WebVisualGame", "WebVisualGame\WebVisualGame.csproj", "{3EDEA82A-BF21-4BCE-95C2-D457A032CCD7}"
EndProject
Project("{F2A71F9B-5D33-465A-A702-920D77279786}") = "SyntaxAnalizer", "SyntaxAnalizer\SyntaxAnalizer.fsproj", "{02F4D2DE-CC15-4F08-8D5E-201762DCD787}"
EndProject
Project("{FAE04EC0-301F-11D3-BF4B-00C04F79EFBC}") = "Project_Infrastructure", "Project_Infrastructure\Project_Infrastructure.csproj", "{61D1616D-397B-4C59-B645-EEE9E9F0DE2F}"
EndProject
Global
	GlobalSection(SolutionConfigurationPlatforms) = preSolution
		Debug|Any CPU = Debug|Any CPU
		Release|Any CPU = Release|Any CPU
	EndGlobalSection
	GlobalSection(ProjectConfigurationPlatforms) = postSolution
		{3EDEA82A-BF21-4BCE-95C2-D457A032CCD7}.Debug|Any CPU.ActiveCfg = Debug|Any CPU
		{3EDEA82A-BF21-4BCE-95C2-D457A032CCD7}.Debug|Any CPU.Build.0 = Debug|Any CPU
		{3EDEA82A-BF21-4BCE-95C2-D457A032CCD7}.Release|Any CPU.ActiveCfg = Release|Any CPU
		{3EDEA82A-BF21-4BCE-95C2-D457A032CCD7}.Release|Any CPU.Build.0 = Release|Any CPU
		{02F4D2DE-CC15-4F08-8D5E-201762DCD787}.Debug|Any CPU.ActiveCfg = Debug|Any CPU
		{02F4D2DE-CC15-4F08-8D5E-201762DCD787}.Debug|Any CPU.Build.0 = Debug|Any CPU
		{02F4D2DE-CC15-4F08-8D5E-201762DCD787}.Release|Any CPU.ActiveCfg = Release|Any CPU
		{02F4D2DE-CC15-4F08-8D5E-201762DCD787}.Release|Any CPU.Build.0 = Release|Any CPU
		{61D1616D-397B-4C59-B645-EEE9E9F0DE2F}.Debug|Any CPU.ActiveCfg = Debug|Any CPU
		{61D1616D-397B-4C59-B645-EEE9E9F0DE2F}.Debug|Any CPU.Build.0 = Debug|Any CPU
		{61D1616D-397B-4C59-B645-EEE9E9F0DE2F}.Release|Any CPU.ActiveCfg = Release|Any CPU
		{61D1616D-397B-4C59-B645-EEE9E9F0DE2F}.Release|Any CPU.Build.0 = Release|Any CPU
	EndGlobalSection
	GlobalSection(SolutionProperties) = preSolution
		HideSolutionNode = FALSE
	EndGlobalSection
	GlobalSection(ExtensibilityGlobals) = postSolution
		SolutionGuid = {C0C96432-3960-44A5-9C01-EE1F9CDCE8C4}
	EndGlobalSection
EndGlobal
