
Microsoft Visual Studio Solution File, Format Version 12.00
# Visual Studio Version 16
VisualStudioVersion = 16.0.29009.5
MinimumVisualStudioVersion = 10.0.40219.1
Project("{9A19103F-16F7-4668-BE54-9A1E7A4F7556}") = "WebVisualGame_MVC", "WebVisualGame_MVC\WebVisualGame_MVC.csproj", "{7101FCFF-68F5-4AF4-95A9-8D20D74C798C}"
EndProject
Project("{FAE04EC0-301F-11D3-BF4B-00C04F79EFBC}") = "010.Irony.2012", "irony\Irony\010.Irony.2012.csproj", "{D81F5C91-D7DB-46E5-BC99-49488FB6814C}"
EndProject
Project("{9A19103F-16F7-4668-BE54-9A1E7A4F7556}") = "GameTextParsing", "irony\GameTextParsing\GameTextParsing.csproj", "{02F548A3-42E2-42C9-B4C6-C1C92BB0C693}"
EndProject
Global
	GlobalSection(SolutionConfigurationPlatforms) = preSolution
		Debug|Any CPU = Debug|Any CPU
		Release|Any CPU = Release|Any CPU
	EndGlobalSection
	GlobalSection(ProjectConfigurationPlatforms) = postSolution
		{7101FCFF-68F5-4AF4-95A9-8D20D74C798C}.Debug|Any CPU.ActiveCfg = Debug|Any CPU
		{7101FCFF-68F5-4AF4-95A9-8D20D74C798C}.Debug|Any CPU.Build.0 = Debug|Any CPU
		{7101FCFF-68F5-4AF4-95A9-8D20D74C798C}.Release|Any CPU.ActiveCfg = Release|Any CPU
		{7101FCFF-68F5-4AF4-95A9-8D20D74C798C}.Release|Any CPU.Build.0 = Release|Any CPU
		{D81F5C91-D7DB-46E5-BC99-49488FB6814C}.Debug|Any CPU.ActiveCfg = Debug|Any CPU
		{D81F5C91-D7DB-46E5-BC99-49488FB6814C}.Debug|Any CPU.Build.0 = Debug|Any CPU
		{D81F5C91-D7DB-46E5-BC99-49488FB6814C}.Release|Any CPU.ActiveCfg = Release|Any CPU
		{D81F5C91-D7DB-46E5-BC99-49488FB6814C}.Release|Any CPU.Build.0 = Release|Any CPU
		{02F548A3-42E2-42C9-B4C6-C1C92BB0C693}.Debug|Any CPU.ActiveCfg = Debug|Any CPU
		{02F548A3-42E2-42C9-B4C6-C1C92BB0C693}.Debug|Any CPU.Build.0 = Debug|Any CPU
		{02F548A3-42E2-42C9-B4C6-C1C92BB0C693}.Release|Any CPU.ActiveCfg = Release|Any CPU
		{02F548A3-42E2-42C9-B4C6-C1C92BB0C693}.Release|Any CPU.Build.0 = Release|Any CPU
	EndGlobalSection
	GlobalSection(SolutionProperties) = preSolution
		HideSolutionNode = FALSE
	EndGlobalSection
	GlobalSection(ExtensibilityGlobals) = postSolution
		SolutionGuid = {C0C96432-3960-44A5-9C01-EE1F9CDCE8C4}
	EndGlobalSection
EndGlobal
